
Microsoft Visual Studio Solution File, Format Version 12.00
# Visual Studio Version 17
VisualStudioVersion = 17.6.33815.320
MinimumVisualStudioVersion = 10.0.40219.1
Project("{FAE04EC0-301F-11D3-BF4B-00C04F79EFBC}") = "XML_Serialization", "XML_Serialization\XML_Serialization.csproj", "{6CB012E6-97C5-43CA-826E-1969475BA9A0}"
EndProject
Global
	GlobalSection(SolutionConfigurationPlatforms) = preSolution
		Debug|Any CPU = Debug|Any CPU
		Release|Any CPU = Release|Any CPU
	EndGlobalSection
	GlobalSection(ProjectConfigurationPlatforms) = postSolution
		{6CB012E6-97C5-43CA-826E-1969475BA9A0}.Debug|Any CPU.ActiveCfg = Debug|Any CPU
		{6CB012E6-97C5-43CA-826E-1969475BA9A0}.Debug|Any CPU.Build.0 = Debug|Any CPU
		{6CB012E6-97C5-43CA-826E-1969475BA9A0}.Release|Any CPU.ActiveCfg = Release|Any CPU
		{6CB012E6-97C5-43CA-826E-1969475BA9A0}.Release|Any CPU.Build.0 = Release|Any CPU
	EndGlobalSection
	GlobalSection(SolutionProperties) = preSolution
		HideSolutionNode = FALSE
	EndGlobalSection
	GlobalSection(ExtensibilityGlobals) = postSolution
		SolutionGuid = {7011853D-837A-413D-B6B4-DA4FCB36FE6F}
	EndGlobalSection
EndGlobal
